
Microsoft Visual Studio Solution File, Format Version 12.00
# Visual Studio Version 17
VisualStudioVersion = 17.7.34009.444
MinimumVisualStudioVersion = 10.0.40219.1
Project("{2150E333-8FDC-42A3-9474-1A3956D46DE8}") = "Services", "Services", "{1D53A4E7-F1C2-4A16-AC86-08628854BA03}"
EndProject
Project("{9A19103F-16F7-4668-BE54-9A1E7A4F7556}") = "PizzaWebApp.ProductAPI", "PizzaWebApp.ProductAPI\PizzaWebApp.ProductAPI.csproj", "{1B3D52EB-F156-4DED-97C3-9B4F5804BA24}"
EndProject
Project("{9A19103F-16F7-4668-BE54-9A1E7A4F7556}") = "PizzaWebApp.OrderAPI", "PizzaWebApp.OrderAPI\PizzaWebApp.OrderAPI.csproj", "{0CA8210C-FB6A-4C78-BEFA-F828EC02F833}"
EndProject
Project("{9A19103F-16F7-4668-BE54-9A1E7A4F7556}") = "PizzaWebApp.ShoppingCartAPI", "PizzaWebApp.ShoppingCartAPI\PizzaWebApp.ShoppingCartAPI.csproj", "{3577576D-8F77-4E11-9A61-4667CAAD0B6B}"
EndProject
Project("{9A19103F-16F7-4668-BE54-9A1E7A4F7556}") = "PizzaWebApp.ToppingAPI", "PizzaWebApp.ToppingAPI\PizzaWebApp.ToppingAPI.csproj", "{6EEC2567-4C76-48AD-A6DE-E8F8E8811838}"
EndProject
Global
	GlobalSection(SolutionConfigurationPlatforms) = preSolution
		Debug|Any CPU = Debug|Any CPU
		Release|Any CPU = Release|Any CPU
	EndGlobalSection
	GlobalSection(ProjectConfigurationPlatforms) = postSolution
		{1B3D52EB-F156-4DED-97C3-9B4F5804BA24}.Debug|Any CPU.ActiveCfg = Debug|Any CPU
		{1B3D52EB-F156-4DED-97C3-9B4F5804BA24}.Debug|Any CPU.Build.0 = Debug|Any CPU
		{1B3D52EB-F156-4DED-97C3-9B4F5804BA24}.Release|Any CPU.ActiveCfg = Release|Any CPU
		{1B3D52EB-F156-4DED-97C3-9B4F5804BA24}.Release|Any CPU.Build.0 = Release|Any CPU
		{0CA8210C-FB6A-4C78-BEFA-F828EC02F833}.Debug|Any CPU.ActiveCfg = Debug|Any CPU
		{0CA8210C-FB6A-4C78-BEFA-F828EC02F833}.Debug|Any CPU.Build.0 = Debug|Any CPU
		{0CA8210C-FB6A-4C78-BEFA-F828EC02F833}.Release|Any CPU.ActiveCfg = Release|Any CPU
		{0CA8210C-FB6A-4C78-BEFA-F828EC02F833}.Release|Any CPU.Build.0 = Release|Any CPU
		{3577576D-8F77-4E11-9A61-4667CAAD0B6B}.Debug|Any CPU.ActiveCfg = Debug|Any CPU
		{3577576D-8F77-4E11-9A61-4667CAAD0B6B}.Debug|Any CPU.Build.0 = Debug|Any CPU
		{3577576D-8F77-4E11-9A61-4667CAAD0B6B}.Release|Any CPU.ActiveCfg = Release|Any CPU
		{3577576D-8F77-4E11-9A61-4667CAAD0B6B}.Release|Any CPU.Build.0 = Release|Any CPU
		{6EEC2567-4C76-48AD-A6DE-E8F8E8811838}.Debug|Any CPU.ActiveCfg = Debug|Any CPU
		{6EEC2567-4C76-48AD-A6DE-E8F8E8811838}.Debug|Any CPU.Build.0 = Debug|Any CPU
		{6EEC2567-4C76-48AD-A6DE-E8F8E8811838}.Release|Any CPU.ActiveCfg = Release|Any CPU
		{6EEC2567-4C76-48AD-A6DE-E8F8E8811838}.Release|Any CPU.Build.0 = Release|Any CPU
	EndGlobalSection
	GlobalSection(SolutionProperties) = preSolution
		HideSolutionNode = FALSE
	EndGlobalSection
	GlobalSection(NestedProjects) = preSolution
		{1B3D52EB-F156-4DED-97C3-9B4F5804BA24} = {1D53A4E7-F1C2-4A16-AC86-08628854BA03}
		{0CA8210C-FB6A-4C78-BEFA-F828EC02F833} = {1D53A4E7-F1C2-4A16-AC86-08628854BA03}
		{3577576D-8F77-4E11-9A61-4667CAAD0B6B} = {1D53A4E7-F1C2-4A16-AC86-08628854BA03}
		{6EEC2567-4C76-48AD-A6DE-E8F8E8811838} = {1D53A4E7-F1C2-4A16-AC86-08628854BA03}
	EndGlobalSection
	GlobalSection(ExtensibilityGlobals) = postSolution
		SolutionGuid = {180DE774-9D7B-4606-8C83-67CEDDAB2FC1}
	EndGlobalSection
EndGlobal
